PODS:
  - Bond (5.4.6):
    - Diff (~> 0.4)
    - ReactiveKit (~> 3.2)
  - Diff (0.5.0)
  - ReactiveKit (3.3.1)

DEPENDENCIES:
  - Bond (~> 5.0)

SPEC CHECKSUMS:
  Bond: 7cc794569520e611e46d7d77c35d568a6b5ded00
  Diff: eceb93a3adf508574ba9b8560da185ace83de055
  ReactiveKit: 27df79c2e2f0771aef1061551fcd7e82b92066e9

PODFILE CHECKSUM: 16ed0e71c55ee181bdfed92f75bdee25bdcaa1ee

COCOAPODS: 1.2.0
